
Microsoft Visual Studio Solution File, Format Version 12.00
# Visual Studio Version 17
VisualStudioVersion = 17.10.35201.131
MinimumVisualStudioVersion = 10.0.40219.1
Project("{FAE04EC0-301F-11D3-BF4B-00C04F79EFBC}") = "2023-day-09", "2023-day-09\2023-day-09.csproj", "{638D6944-81CF-4BE2-B165-FBC47317F2B1}"
EndProject
Global
	GlobalSection(SolutionConfigurationPlatforms) = preSolution
		Debug|Any CPU = Debug|Any CPU
		Release|Any CPU = Release|Any CPU
	EndGlobalSection
	GlobalSection(ProjectConfigurationPlatforms) = postSolution
		{638D6944-81CF-4BE2-B165-FBC47317F2B1}.Debug|Any CPU.ActiveCfg = Debug|Any CPU
		{638D6944-81CF-4BE2-B165-FBC47317F2B1}.Debug|Any CPU.Build.0 = Debug|Any CPU
		{638D6944-81CF-4BE2-B165-FBC47317F2B1}.Release|Any CPU.ActiveCfg = Release|Any CPU
		{638D6944-81CF-4BE2-B165-FBC47317F2B1}.Release|Any CPU.Build.0 = Release|Any CPU
	EndGlobalSection
	GlobalSection(SolutionProperties) = preSolution
		HideSolutionNode = FALSE
	EndGlobalSection
	GlobalSection(ExtensibilityGlobals) = postSolution
		SolutionGuid = {6B2633B1-7BB4-4B21-93EE-71A93AF4026C}
	EndGlobalSection
EndGlobal
